
Microsoft Visual Studio Solution File, Format Version 12.00
# Visual Studio 15
VisualStudioVersion = 15.0.28307.572
MinimumVisualStudioVersion = 10.0.40219.1
Project("{8BC9CEB8-8B4A-11D0-8D11-00A0C91BC942}") = "ACMProject", "ACMProject\ACMProject.vcxproj", "{46615E62-B25F-4F01-8D4E-ACAF6654B909}"
EndProject
Global
	GlobalSection(SolutionConfigurationPlatforms) = preSolution
		Debug|x64 = Debug|x64
		Debug|x86 = Debug|x86
		Release|x64 = Release|x64
		Release|x86 = Release|x86
	EndGlobalSection
	GlobalSection(ProjectConfigurationPlatforms) = postSolution
		{46615E62-B25F-4F01-8D4E-ACAF6654B909}.Debug|x64.ActiveCfg = Debug|x64
		{46615E62-B25F-4F01-8D4E-ACAF6654B909}.Debug|x64.Build.0 = Debug|x64
		{46615E62-B25F-4F01-8D4E-ACAF6654B909}.Debug|x86.ActiveCfg = Debug|Win32
		{46615E62-B25F-4F01-8D4E-ACAF6654B909}.Debug|x86.Build.0 = Debug|Win32
		{46615E62-B25F-4F01-8D4E-ACAF6654B909}.Release|x64.ActiveCfg = Release|x64
		{46615E62-B25F-4F01-8D4E-ACAF6654B909}.Release|x64.Build.0 = Release|x64
		{46615E62-B25F-4F01-8D4E-ACAF6654B909}.Release|x86.ActiveCfg = Release|Win32
		{46615E62-B25F-4F01-8D4E-ACAF6654B909}.Release|x86.Build.0 = Release|Win32
	EndGlobalSection
	GlobalSection(SolutionProperties) = preSolution
		HideSolutionNode = FALSE
	EndGlobalSection
	GlobalSection(ExtensibilityGlobals) = postSolution
		SolutionGuid = {55D2973E-EBFF-45AC-A0BF-F5831B6158E0}
	EndGlobalSection
EndGlobal
