<?xml version="1.0" encoding="utf-8"?>
<Project ToolsVersion="4.0" xmlns="http://schemas.microsoft.com/developer/msbuild/2003">
  <ItemGroup>
    <Filter Include="소스 파일">
      <UniqueIdentifier>{4FC737F1-C7A5-4376-A066-2A32D752A2FF}</UniqueIdentifier>
      <Extensions>cpp;c;cc;cxx;def;odl;idl;hpj;bat;asm;asmx</Extensions>
    </Filter>
    <Filter Include="리소스 파일">
      <UniqueIdentifier>{67DA6AB6-F800-4c08-8B7A-83BB121AAD01}</UniqueIdentifier>
      <Extensions>rc;ico;cur;bmp;dlg;rc2;rct;bin;rgs;gif;jpg;jpeg;jpe;resx;tiff;tif;png;wav;mfcribbon-ms</Extensions>
    </Filter>
    <Filter Include="소스 파일\math">
      <UniqueIdentifier>{2dc49fe4-5027-46ae-a741-6bc900c707b1}</UniqueIdentifier>
    </Filter>
    <Filter Include="소스 파일\06 tree">
      <UniqueIdentifier>{838a607c-0195-4ecb-b691-10c54d1c533d}</UniqueIdentifier>
    </Filter>
    <Filter Include="소스 파일\06 tree\25 Disjoint set">
      <UniqueIdentifier>{6285d7d7-279b-4bef-a87b-2d1600e71869}</UniqueIdentifier>
    </Filter>
    <Filter Include="소스 파일\06 tree\21 tree implemetation and circulation">
      <UniqueIdentifier>{3242de3d-c680-45c8-8cc5-ab652639ef6c}</UniqueIdentifier>
    </Filter>
    <Filter Include="헤더 파일">
      <UniqueIdentifier>{93995380-89BD-4b04-88EB-625FBE52EBFB}</UniqueIdentifier>
      <Extensions>h;hh;hpp;hxx;hm;inl;inc;ipp;xsd</Extensions>
    </Filter>
    <Filter Include="소스 파일\06 tree\22 binary search tree">
      <UniqueIdentifier>{3e545570-2f78-464b-a965-7232ced3ee0f}</UniqueIdentifier>
    </Filter>
    <Filter Include="소스 파일\06 tree\23 priority queue and heap">
      <UniqueIdentifier>{fa6ca2e4-8b67-430a-9f91-5d86ac47cdd3}</UniqueIdentifier>
    </Filter>
  </ItemGroup>
  <ItemGroup>
    <ClCompile Include="incorrectly_implemented_body_of_eratosthenes_15897.cpp">
      <Filter>소스 파일\math</Filter>
    </ClCompile>
    <ClCompile Include="expression_of_set_1717.cpp">
      <Filter>소스 파일\06 tree\25 Disjoint set</Filter>
    </ClCompile>
    <ClCompile Include="Let_s_go_on_a_trip_1976.cpp">
      <Filter>소스 파일\06 tree\25 Disjoint set</Filter>
    </ClCompile>
    <ClCompile Include="binary_search_tree_5639.cpp">
      <Filter>소스 파일\06 tree\22 binary search tree</Filter>
    </ClCompile>
    <ClCompile Include="binary_search_tree_example.cpp">
      <Filter>소스 파일\06 tree\22 binary search tree</Filter>
    </ClCompile>
    <ClCompile Include="tree_circulation_1991.cpp">
      <Filter>소스 파일\06 tree\21 tree implemetation and circulation</Filter>
    </ClCompile>
  </ItemGroup>
</Project>