<?xml version="1.0" encoding="utf-8"?>
<Project ToolsVersion="4.0" xmlns="http://schemas.microsoft.com/developer/msbuild/2003">
  <ItemGroup>
    <Filter Include="소스 파일">
      <UniqueIdentifier>{4FC737F1-C7A5-4376-A066-2A32D752A2FF}</UniqueIdentifier>
      <Extensions>cpp;c;cc;cxx;def;odl;idl;hpj;bat;asm;asmx</Extensions>
    </Filter>
    <Filter Include="리소스 파일">
      <UniqueIdentifier>{67DA6AB6-F800-4c08-8B7A-83BB121AAD01}</UniqueIdentifier>
      <Extensions>rc;ico;cur;bmp;dlg;rc2;rct;bin;rgs;gif;jpg;jpeg;jpe;resx;tiff;tif;png;wav;mfcribbon-ms</Extensions>
    </Filter>
    <Filter Include="소스 파일\math">
      <UniqueIdentifier>{2dc49fe4-5027-46ae-a741-6bc900c707b1}</UniqueIdentifier>
    </Filter>
    <Filter Include="소스 파일\06 tree">
      <UniqueIdentifier>{838a607c-0195-4ecb-b691-10c54d1c533d}</UniqueIdentifier>
    </Filter>
    <Filter Include="소스 파일\06 tree\25 Disjoint set">
      <UniqueIdentifier>{6285d7d7-279b-4bef-a87b-2d1600e71869}</UniqueIdentifier>
    </Filter>
    <Filter Include="소스 파일\06 tree\21 tree implemetation and circulation">
      <UniqueIdentifier>{3242de3d-c680-45c8-8cc5-ab652639ef6c}</UniqueIdentifier>
    </Filter>
    <Filter Include="헤더 파일">
      <UniqueIdentifier>{93995380-89BD-4b04-88EB-625FBE52EBFB}</UniqueIdentifier>
      <Extensions>h;hh;hpp;hxx;hm;inl;inc;ipp;xsd</Extensions>
    </Filter>
    <Filter Include="소스 파일\06 tree\22 binary search tree">
      <UniqueIdentifier>{3e545570-2f78-464b-a965-7232ced3ee0f}</UniqueIdentifier>
    </Filter>
    <Filter Include="소스 파일\06 tree\23 priority queue and heap">
      <UniqueIdentifier>{fa6ca2e4-8b67-430a-9f91-5d86ac47cdd3}</UniqueIdentifier>
    </Filter>
    <Filter Include="소스 파일\UCPC_2019_예선">
      <UniqueIdentifier>{8862cd1b-656f-4feb-b303-21f387a09fe3}</UniqueIdentifier>
    </Filter>
    <Filter Include="소스 파일\07 graph">
      <UniqueIdentifier>{7c6bf628-29c9-4686-a113-d8c5b5d411a5}</UniqueIdentifier>
    </Filter>
    <Filter Include="소스 파일\07 graph\30 shortest path algorithm">
      <UniqueIdentifier>{43d460f2-74a5-42a6-9471-0929c6339da0}</UniqueIdentifier>
    </Filter>
    <Filter Include="소스 파일\07 graph\30 shortest path algorithm\30.2 daikstra 다익스트라">
      <UniqueIdentifier>{223d3d57-6ea9-4f69-8c49-35c60f3b87f7}</UniqueIdentifier>
    </Filter>
    <Filter Include="소스 파일\06 tree\24 segment tree">
      <UniqueIdentifier>{1ecfc0d7-345c-4265-8681-d741626c100e}</UniqueIdentifier>
    </Filter>
    <Filter Include="소스 파일\06 tree\26 try">
      <UniqueIdentifier>{117f0173-fbf6-4447-8844-185ccc1bf460}</UniqueIdentifier>
    </Filter>
    <Filter Include="소스 파일\07 graph\31 minimum spanning tree">
      <UniqueIdentifier>{2d1706be-549b-4aea-9122-fb384cdc17d2}</UniqueIdentifier>
    </Filter>
    <Filter Include="소스 파일\07 graph\31 minimum spanning tree\kruskal 크루스칼">
      <UniqueIdentifier>{145261af-3197-4a08-8998-5c5d02215ab6}</UniqueIdentifier>
    </Filter>
    <Filter Include="소스 파일\07 graph\31 minimum spanning tree\prim 프림">
      <UniqueIdentifier>{23cdba19-b278-4e06-b965-20e3c8bc222b}</UniqueIdentifier>
    </Filter>
    <Filter Include="소스 파일\07 graph\32 network flow">
      <UniqueIdentifier>{93a705f3-3f16-487a-8781-4732c7063189}</UniqueIdentifier>
    </Filter>
    <Filter Include="소스 파일\07 graph\32 network flow\ford-fulkerson algorithm 포드 풀커슨">
      <UniqueIdentifier>{8d474bc3-11b8-44b7-864a-56578b15749d}</UniqueIdentifier>
    </Filter>
    <Filter Include="소스 파일\07 graph\32 network flow\Bipartite matching 이분 매칭">
      <UniqueIdentifier>{fe6d2921-fba2-4cdf-a412-a31666a21164}</UniqueIdentifier>
    </Filter>
    <Filter Include="소스 파일\04 famous algorithm">
      <UniqueIdentifier>{8397f3f0-2997-4ad1-809b-8556127b0767}</UniqueIdentifier>
    </Filter>
    <Filter Include="소스 파일\04 famous algorithm\13 analyse numérique">
      <UniqueIdentifier>{11699c2a-26c5-432d-9eb7-26c5f9d74d34}</UniqueIdentifier>
    </Filter>
    <Filter Include="소스 파일\04 famous algorithm\14 number theory">
      <UniqueIdentifier>{7aa3d623-2816-4124-9dc1-2ccb2da7daa8}</UniqueIdentifier>
    </Filter>
    <Filter Include="소스 파일\04 famous algorithm\15 Computational Geometry">
      <UniqueIdentifier>{8fe6490a-5651-4b1f-a8c2-466b5e1673af}</UniqueIdentifier>
    </Filter>
    <Filter Include="소스 파일\04 famous algorithm\14 number theory\14.2 prime number">
      <UniqueIdentifier>{0fca02fb-648e-4361-814f-c4be2d772031}</UniqueIdentifier>
    </Filter>
    <Filter Include="소스 파일\04 famous algorithm\16 new 확률">
      <UniqueIdentifier>{82770bb0-3f65-456b-ac7e-5eb419637cb7}</UniqueIdentifier>
    </Filter>
    <Filter Include="소스 파일\20190831_실리콘벨리_코테">
      <UniqueIdentifier>{49484f3d-0b16-46e7-91c7-c70b62f061e3}</UniqueIdentifier>
    </Filter>
    <Filter Include="소스 파일\카카오 코테">
      <UniqueIdentifier>{9d5dc5b1-2e9b-4cb5-9391-ee2a0f16f118}</UniqueIdentifier>
    </Filter>
    <Filter Include="소스 파일\05 basic data structure">
      <UniqueIdentifier>{a55162eb-a8b7-4173-ba17-7b2f96f2b4c1}</UniqueIdentifier>
    </Filter>
    <Filter Include="소스 파일\05 basic data structure\18 선형 자료 구조">
      <UniqueIdentifier>{5df5ec7f-299f-493b-b46f-6bb500c0acbf}</UniqueIdentifier>
    </Filter>
    <Filter Include="소스 파일\05 basic data structure\18 선형 자료 구조\18.2 동적배열">
      <UniqueIdentifier>{198c4ba8-bf8f-42e2-bdef-a3f0bdc90b23}</UniqueIdentifier>
    </Filter>
    <Filter Include="소스 파일\05 basic data structure\연관 컨테이너">
      <UniqueIdentifier>{8a5d4c5f-90c3-44da-a6d2-63335fb0ace3}</UniqueIdentifier>
    </Filter>
    <Filter Include="소스 파일\acm">
      <UniqueIdentifier>{bf7eed5a-b1c4-44d2-bf44-30fa0389d66c}</UniqueIdentifier>
    </Filter>
    <Filter Include="소스 파일\acm\Asia Regional - Seoul 2018">
      <UniqueIdentifier>{e84bf6e4-4b45-404f-898e-412cf813425f}</UniqueIdentifier>
    </Filter>
    <Filter Include="소스 파일\acm\Seoul Nationalwide Internet Competition 2018 acm">
      <UniqueIdentifier>{d51f1e3a-82a0-42ff-96ed-d28bb1b2d12c}</UniqueIdentifier>
    </Filter>
    <Filter Include="소스 파일\nhn">
      <UniqueIdentifier>{381ce97a-25b1-46b0-a47b-d60de24c554f}</UniqueIdentifier>
    </Filter>
    <Filter Include="소스 파일\acm\Daejeon Nationalwide Internet Competition 2017">
      <UniqueIdentifier>{e1a8b44c-7f6e-4c72-91d0-4b88dbd5456b}</UniqueIdentifier>
    </Filter>
  </ItemGroup>
  <ItemGroup>
    <ClCompile Include="incorrectly_implemented_body_of_eratosthenes_15897.cpp">
      <Filter>소스 파일\math</Filter>
    </ClCompile>
    <ClCompile Include="expression_of_set_1717.cpp">
      <Filter>소스 파일\06 tree\25 Disjoint set</Filter>
    </ClCompile>
    <ClCompile Include="Let_s_go_on_a_trip_1976.cpp">
      <Filter>소스 파일\06 tree\25 Disjoint set</Filter>
    </ClCompile>
    <ClCompile Include="binary_search_tree_5639.cpp">
      <Filter>소스 파일\06 tree\22 binary search tree</Filter>
    </ClCompile>
    <ClCompile Include="binary_search_tree_example.cpp">
      <Filter>소스 파일\06 tree\22 binary search tree</Filter>
    </ClCompile>
    <ClCompile Include="tree_circulation_1991.cpp">
      <Filter>소스 파일\06 tree\21 tree implemetation and circulation</Filter>
    </ClCompile>
    <ClCompile Include="A.cpp">
      <Filter>소스 파일\UCPC_2019_예선</Filter>
    </ClCompile>
    <ClCompile Include="F.cpp">
      <Filter>소스 파일\UCPC_2019_예선</Filter>
    </ClCompile>
    <ClCompile Include="H.cpp">
      <Filter>소스 파일\UCPC_2019_예선</Filter>
    </ClCompile>
    <ClCompile Include="0803_1504.cpp">
      <Filter>소스 파일\07 graph\30 shortest path algorithm\30.2 daikstra 다익스트라</Filter>
    </ClCompile>
    <ClCompile Include="daikstra_1917.cpp">
      <Filter>소스 파일\07 graph\30 shortest path algorithm\30.2 daikstra 다익스트라</Filter>
    </ClCompile>
    <ClCompile Include="segment_tree_example.cpp">
      <Filter>소스 파일\06 tree\24 segment tree</Filter>
    </ClCompile>
    <ClCompile Include="range_minimum_sum_2042.cpp">
      <Filter>소스 파일\06 tree\24 segment tree</Filter>
    </ClCompile>
    <ClCompile Include="fenwicktree_example_2042.cpp">
      <Filter>소스 파일\06 tree\24 segment tree</Filter>
    </ClCompile>
    <ClCompile Include="try using.cpp">
      <Filter>소스 파일\06 tree\26 try</Filter>
    </ClCompile>
    <ClCompile Include="kruskal_exacmple.cpp">
      <Filter>소스 파일\07 graph\31 minimum spanning tree\kruskal 크루스칼</Filter>
    </ClCompile>
    <ClCompile Include="prim_example.cpp">
      <Filter>소스 파일\07 graph\31 minimum spanning tree\prim 프림</Filter>
    </ClCompile>
    <ClCompile Include="ford_fulkerson_example_adjacent_matrix.cpp">
      <Filter>소스 파일\07 graph\32 network flow\ford-fulkerson algorithm 포드 풀커슨</Filter>
    </ClCompile>
    <ClCompile Include="열혈강호_11375.cpp">
      <Filter>소스 파일\07 graph\32 network flow\Bipartite matching 이분 매칭</Filter>
    </ClCompile>
    <ClCompile Include="fly_10775.cpp">
      <Filter>소스 파일\06 tree\25 Disjoint set</Filter>
    </ClCompile>
    <ClCompile Include="5052_phone.cpp">
      <Filter>소스 파일\06 tree\26 try</Filter>
    </ClCompile>
    <ClCompile Include="9372.cpp">
      <Filter>소스 파일\07 graph\31 minimum spanning tree\kruskal 크루스칼</Filter>
    </ClCompile>
    <ClCompile Include="1671.cpp">
      <Filter>소스 파일\07 graph\32 network flow\Bipartite matching 이분 매칭</Filter>
    </ClCompile>
    <ClCompile Include="2188.cpp">
      <Filter>소스 파일\07 graph\32 network flow\Bipartite matching 이분 매칭</Filter>
    </ClCompile>
    <ClCompile Include="keep_reading_while_input_newline.cpp">
      <Filter>소스 파일\07 graph\32 network flow\Bipartite matching 이분 매칭</Filter>
    </ClCompile>
    <ClCompile Include="10774.cpp">
      <Filter>소스 파일\07 graph\32 network flow\Bipartite matching 이분 매칭</Filter>
    </ClCompile>
    <ClCompile Include="9934.cpp">
      <Filter>소스 파일\06 tree\26 try</Filter>
    </ClCompile>
    <ClCompile Include="골드바흐의 추측_6588.cpp">
      <Filter>소스 파일\04 famous algorithm\14 number theory\14.2 prime number</Filter>
    </ClCompile>
    <ClCompile Include="카이사르 암호_5598.cpp">
      <Filter>소스 파일\04 famous algorithm\14 number theory</Filter>
    </ClCompile>
    <ClCompile Include="1002.cpp">
      <Filter>소스 파일\04 famous algorithm\15 Computational Geometry</Filter>
    </ClCompile>
    <ClCompile Include="dice_game_13250.cpp">
      <Filter>소스 파일\04 famous algorithm\16 new 확률</Filter>
    </ClCompile>
    <ClCompile Include="making_square_1485.cpp">
      <Filter>소스 파일\04 famous algorithm\15 Computational Geometry</Filter>
    </ClCompile>
    <ClCompile Include="실리콘 프밍3.cpp">
      <Filter>소스 파일\20190831_실리콘벨리_코테</Filter>
    </ClCompile>
    <ClCompile Include="실리콘 프밍1.cpp">
      <Filter>소스 파일\20190831_실리콘벨리_코테</Filter>
    </ClCompile>
    <ClCompile Include="실리콘 프밍2.cpp">
      <Filter>소스 파일\20190831_실리콘벨리_코테</Filter>
    </ClCompile>
    <ClCompile Include="소스.cpp">
      <Filter>소스 파일\카카오 코테</Filter>
    </ClCompile>
    <ClCompile Include="2_about_Test.cpp">
      <Filter>소스 파일\카카오 코테</Filter>
    </ClCompile>
    <ClCompile Include="vector_iterator_example.cpp">
      <Filter>소스 파일\05 basic data structure\18 선형 자료 구조\18.2 동적배열</Filter>
    </ClCompile>
    <ClCompile Include="set_example.cpp">
      <Filter>소스 파일\05 basic data structure\연관 컨테이너</Filter>
    </ClCompile>
    <ClCompile Include="map_example.cpp">
      <Filter>소스 파일\05 basic data structure\연관 컨테이너</Filter>
    </ClCompile>
    <ClCompile Include="16360.cpp">
      <Filter>소스 파일\acm\Asia Regional - Seoul 2018</Filter>
    </ClCompile>
    <ClCompile Include="black_chain_16282.cpp">
      <Filter>소스 파일\acm\Seoul Nationalwide Internet Competition 2018 acm</Filter>
    </ClCompile>
    <ClCompile Include="farm_16283.cpp">
      <Filter>소스 파일\acm\Seoul Nationalwide Internet Competition 2018 acm</Filter>
    </ClCompile>
    <ClCompile Include="electric_sign_test.cpp">
      <Filter>소스 파일\nhn</Filter>
    </ClCompile>
    <ClCompile Include="matrix_multiply_2740.cpp">
      <Filter>소스 파일\nhn</Filter>
    </ClCompile>
    <ClCompile Include="pointer_ex.cpp">
      <Filter>소스 파일</Filter>
    </ClCompile>
    <ClCompile Include="multi_max_14753.cpp">
      <Filter>소스 파일\acm\Daejeon Nationalwide Internet Competition 2017</Filter>
    </ClCompile>
    <ClCompile Include="Pizza_Boxes_14754.cpp">
      <Filter>소스 파일\acm\Daejeon Nationalwide Internet Competition 2017</Filter>
    </ClCompile>
    <ClCompile Include="no1_insect_card.cpp">
      <Filter>소스 파일\nhn</Filter>
    </ClCompile>
  </ItemGroup>
</Project>